
Microsoft Visual Studio Solution File, Format Version 12.00
# Visual Studio 15
VisualStudioVersion = 15.0.27004.2005
MinimumVisualStudioVersion = 10.0.40219.1
Project("{FAE04EC0-301F-11D3-BF4B-00C04F79EFBC}") = "UI.AutomationTests.WPF", "UI.AutomationTests\UI.AutomationTests.WPF.csproj", "{4DFEB74F-A570-499D-9EC8-B38792E36433}"
EndProject
Project("{FAE04EC0-301F-11D3-BF4B-00C04F79EFBC}") = "UI.AutomationTests.UnitTests", "UI.AutomationTests.UnitTests\UI.AutomationTests.UnitTests.csproj", "{2E7BCEE0-D848-489F-89B6-18E7830BB812}"
EndProject
Project("{FAE04EC0-301F-11D3-BF4B-00C04F79EFBC}") = "UI.AutomationTests.UnitTests.Core", "UI.AutomationTests.UnitTests.Core\UI.AutomationTests.UnitTests.Core.csproj", "{735566C7-B4D5-4633-A89F-86C43AC38E0F}"
EndProject
Project("{FAE04EC0-301F-11D3-BF4B-00C04F79EFBC}") = "UI.AutomationTests.ViewModels", "UI.AutomationTests.ViewModels\UI.AutomationTests.ViewModels.csproj", "{F9B39039-9860-4CEB-B382-BC3EA4A7C337}"
EndProject
Global
	GlobalSection(SolutionConfigurationPlatforms) = preSolution
		Debug|Any CPU = Debug|Any CPU
		Release|Any CPU = Release|Any CPU
	EndGlobalSection
	GlobalSection(ProjectConfigurationPlatforms) = postSolution
		{4DFEB74F-A570-499D-9EC8-B38792E36433}.Debug|Any CPU.ActiveCfg = Debug|Any CPU
		{4DFEB74F-A570-499D-9EC8-B38792E36433}.Debug|Any CPU.Build.0 = Debug|Any CPU
		{4DFEB74F-A570-499D-9EC8-B38792E36433}.Release|Any CPU.ActiveCfg = Release|Any CPU
		{4DFEB74F-A570-499D-9EC8-B38792E36433}.Release|Any CPU.Build.0 = Release|Any CPU
		{2E7BCEE0-D848-489F-89B6-18E7830BB812}.Debug|Any CPU.ActiveCfg = Debug|Any CPU
		{2E7BCEE0-D848-489F-89B6-18E7830BB812}.Debug|Any CPU.Build.0 = Debug|Any CPU
		{2E7BCEE0-D848-489F-89B6-18E7830BB812}.Release|Any CPU.ActiveCfg = Release|Any CPU
		{2E7BCEE0-D848-489F-89B6-18E7830BB812}.Release|Any CPU.Build.0 = Release|Any CPU
		{735566C7-B4D5-4633-A89F-86C43AC38E0F}.Debug|Any CPU.ActiveCfg = Debug|Any CPU
		{735566C7-B4D5-4633-A89F-86C43AC38E0F}.Debug|Any CPU.Build.0 = Debug|Any CPU
		{735566C7-B4D5-4633-A89F-86C43AC38E0F}.Release|Any CPU.ActiveCfg = Release|Any CPU
		{735566C7-B4D5-4633-A89F-86C43AC38E0F}.Release|Any CPU.Build.0 = Release|Any CPU
		{F9B39039-9860-4CEB-B382-BC3EA4A7C337}.Debug|Any CPU.ActiveCfg = Debug|Any CPU
		{F9B39039-9860-4CEB-B382-BC3EA4A7C337}.Debug|Any CPU.Build.0 = Debug|Any CPU
		{F9B39039-9860-4CEB-B382-BC3EA4A7C337}.Release|Any CPU.ActiveCfg = Release|Any CPU
		{F9B39039-9860-4CEB-B382-BC3EA4A7C337}.Release|Any CPU.Build.0 = Release|Any CPU
	EndGlobalSection
	GlobalSection(SolutionProperties) = preSolution
		HideSolutionNode = FALSE
	EndGlobalSection
	GlobalSection(ExtensibilityGlobals) = postSolution
		SolutionGuid = {D388439C-69AB-41A0-8C08-3BB950BAB63C}
	EndGlobalSection
EndGlobal
